// !$*UTF8*$!
{
	archiveVersion = 1;
	classes = {
	};
	objectVersion = 55;
	objects = {

/* Begin PBXBuildFile section */
		0912DB2F27C246940079D38A /* LearningApp.swift in Sources */ = {isa = PBXBuildFile; fileRef = 0912DB1F27C2468F0079D38A /* LearningApp.swift */; };
		0912DB3027C246940079D38A /* LearningApp.swift in Sources */ = {isa = PBXBuildFile; fileRef = 0912DB1F27C2468F0079D38A /* LearningApp.swift */; };
		0912DB3127C246940079D38A /* HomeView.swift in Sources */ = {isa = PBXBuildFile; fileRef = 0912DB2027C2468F0079D38A /* HomeView.swift */; };
		0912DB3227C246940079D38A /* HomeView.swift in Sources */ = {isa = PBXBuildFile; fileRef = 0912DB2027C2468F0079D38A /* HomeView.swift */; };
		0912DB3327C246940079D38A /* Assets.xcassets in Resources */ = {isa = PBXBuildFile; fileRef = 0912DB2127C246930079D38A /* Assets.xcassets */; };
		0912DB3427C246940079D38A /* Assets.xcassets in Resources */ = {isa = PBXBuildFile; fileRef = 0912DB2127C246930079D38A /* Assets.xcassets */; };
		0912DBBB27C562B10079D38A /* Profile.swift in Sources */ = {isa = PBXBuildFile; fileRef = 0912DBBA27C562B00079D38A /* Profile.swift */; };
		0912DBBC27C562B10079D38A /* Profile.swift in Sources */ = {isa = PBXBuildFile; fileRef = 0912DBBA27C562B00079D38A /* Profile.swift */; };
		0926BC3627D237CE00A9F755 /* ContentModel.swift in Sources */ = {isa = PBXBuildFile; fileRef = 0926BC3527D237CE00A9F755 /* ContentModel.swift */; };
		0926BC3E27D25B0900A9F755 /* data.json in Resources */ = {isa = PBXBuildFile; fileRef = 0926BC3D27D25B0900A9F755 /* data.json */; };
		0926BC4027D25B1F00A9F755 /* style.html in Resources */ = {isa = PBXBuildFile; fileRef = 0926BC3F27D25B1F00A9F755 /* style.html */; };
		0926BC4227D3890E00A9F755 /* Models.swift in Sources */ = {isa = PBXBuildFile; fileRef = 0926BC4127D3890E00A9F755 /* Models.swift */; };
/* End PBXBuildFile section */

/* Begin PBXFileReference section */
		0912DB1F27C2468F0079D38A /* LearningApp.swift */ = {isa = PBXFileReference; lastKnownFileType = sourcecode.swift; path = LearningApp.swift; sourceTree = "<group>"; };
		0912DB2027C2468F0079D38A /* HomeView.swift */ = {isa = PBXFileReference; lastKnownFileType = sourcecode.swift; path = HomeView.swift; sourceTree = "<group>"; };
		0912DB2127C246930079D38A /* Assets.xcassets */ = {isa = PBXFileReference; lastKnownFileType = folder.assetcatalog; path = Assets.xcassets; sourceTree = "<group>"; };
		0912DB2627C246930079D38A /* Learning App.app */ = {isa = PBXFileReference; explicitFileType = wrapper.application; includeInIndex = 0; path = "Learning App.app"; sourceTree = BUILT_PRODUCTS_DIR; };
		0912DB2C27C246940079D38A /* Learning App.app */ = {isa = PBXFileReference; explicitFileType = wrapper.application; includeInIndex = 0; path = "Learning App.app"; sourceTree = BUILT_PRODUCTS_DIR; };
		0912DB2E27C246940079D38A /* macOS.entitlements */ = {isa = PBXFileReference; lastKnownFileType = text.plist.entitlements; path = macOS.entitlements; sourceTree = "<group>"; };
		0912DBBA27C562B00079D38A /* Profile.swift */ = {isa = PBXFileReference; lastKnownFileType = sourcecode.swift; path = Profile.swift; sourceTree = "<group>"; };
		0926BC3527D237CE00A9F755 /* ContentModel.swift */ = {isa = PBXFileReference; lastKnownFileType = sourcecode.swift; path = ContentModel.swift; sourceTree = "<group>"; };
		0926BC3D27D25B0900A9F755 /* data.json */ = {isa = PBXFileReference; fileEncoding = 4; lastKnownFileType = text.json; path = data.json; sourceTree = "<group>"; };
		0926BC3F27D25B1F00A9F755 /* style.html */ = {isa = PBXFileReference; fileEncoding = 4; lastKnownFileType = text.html; path = style.html; sourceTree = "<group>"; };
		0926BC4127D3890E00A9F755 /* Models.swift */ = {isa = PBXFileReference; lastKnownFileType = sourcecode.swift; path = Models.swift; sourceTree = "<group>"; };
/* End PBXFileReference section */

/* Begin PBXFrameworksBuildPhase section */
		0912DB2327C246930079D38A /* Frameworks */ = {
			isa = PBXFrameworksBuildPhase;
			buildActionMask = 2147483647;
			files = (
			);
			runOnlyForDeploymentPostprocessing = 0;
		};
		0912DB2927C246940079D38A /* Frameworks */ = {
			isa = PBXFrameworksBuildPhase;
			buildActionMask = 2147483647;
			files = (
			);
			runOnlyForDeploymentPostprocessing = 0;
		};
/* End PBXFrameworksBuildPhase section */

/* Begin PBXGroup section */
		0912DB1927C2468E0079D38A = {
			isa = PBXGroup;
			children = (
				0912DB1E27C2468F0079D38A /* Shared */,
				0912DB2D27C246940079D38A /* macOS */,
				0912DB2727C246930079D38A /* Products */,
			);
			sourceTree = "<group>";
		};
		0912DB1E27C2468F0079D38A /* Shared */ = {
			isa = PBXGroup;
			children = (
				0912DB1F27C2468F0079D38A /* LearningApp.swift */,
				0926BC3027D2374B00A9F755 /* Views */,
				0926BC3127D2375500A9F755 /* ViewModels */,
				0926BC3227D2375B00A9F755 /* Models */,
				0926BC3327D2376800A9F755 /* Resources */,
				0926BC3427D2377A00A9F755 /* Helpers */,
				0912DBBA27C562B00079D38A /* Profile.swift */,
				0912DB2127C246930079D38A /* Assets.xcassets */,
			);
			path = Shared;
			sourceTree = "<group>";
		};
		0912DB2727C246930079D38A /* Products */ = {
			isa = PBXGroup;
			children = (
				0912DB2627C246930079D38A /* Learning App.app */,
				0912DB2C27C246940079D38A /* Learning App.app */,
			);
			name = Products;
			sourceTree = "<group>";
		};
		0912DB2D27C246940079D38A /* macOS */ = {
			isa = PBXGroup;
			children = (
				0912DB2E27C246940079D38A /* macOS.entitlements */,
			);
			path = macOS;
			sourceTree = "<group>";
		};
		0926BC3027D2374B00A9F755 /* Views */ = {
			isa = PBXGroup;
			children = (
				0912DB2027C2468F0079D38A /* HomeView.swift */,
			);
			path = Views;
			sourceTree = "<group>";
		};
		0926BC3127D2375500A9F755 /* ViewModels */ = {
			isa = PBXGroup;
			children = (
				0926BC3527D237CE00A9F755 /* ContentModel.swift */,
			);
			path = ViewModels;
			sourceTree = "<group>";
		};
		0926BC3227D2375B00A9F755 /* Models */ = {
			isa = PBXGroup;
			children = (
				0926BC4127D3890E00A9F755 /* Models.swift */,
			);
			path = Models;
			sourceTree = "<group>";
		};
		0926BC3327D2376800A9F755 /* Resources */ = {
			isa = PBXGroup;
			children = (
				0926BC3D27D25B0900A9F755 /* data.json */,
				0926BC3F27D25B1F00A9F755 /* style.html */,
			);
			path = Resources;
			sourceTree = "<group>";
		};
		0926BC3427D2377A00A9F755 /* Helpers */ = {
			isa = PBXGroup;
			children = (
			);
			path = Helpers;
			sourceTree = "<group>";
		};
/* End PBXGroup section */

/* Begin PBXNativeTarget section */
		0912DB2527C246930079D38A /* Learning App (iOS) */ = {
			isa = PBXNativeTarget;
			buildConfigurationList = 0912DB3727C246940079D38A /* Build configuration list for PBXNativeTarget "Learning App (iOS)" */;
			buildPhases = (
				0912DB2227C246930079D38A /* Sources */,
				0912DB2327C246930079D38A /* Frameworks */,
				0912DB2427C246930079D38A /* Resources */,
			);
			buildRules = (
			);
			dependencies = (
			);
			name = "Learning App (iOS)";
			productName = "Learning App (iOS)";
			productReference = 0912DB2627C246930079D38A /* Learning App.app */;
			productType = "com.apple.product-type.application";
		};
		0912DB2B27C246940079D38A /* Learning App (macOS) */ = {
			isa = PBXNativeTarget;
			buildConfigurationList = 0912DB3A27C246940079D38A /* Build configuration list for PBXNativeTarget "Learning App (macOS)" */;
			buildPhases = (
				0912DB2827C246940079D38A /* Sources */,
				0912DB2927C246940079D38A /* Frameworks */,
				0912DB2A27C246940079D38A /* Resources */,
			);
			buildRules = (
			);
			dependencies = (
			);
			name = "Learning App (macOS)";
			productName = "Learning App (macOS)";
			productReference = 0912DB2C27C246940079D38A /* Learning App.app */;
			productType = "com.apple.product-type.application";
		};
/* End PBXNativeTarget section */

/* Begin PBXProject section */
		0912DB1A27C2468E0079D38A /* Project object */ = {
			isa = PBXProject;
			attributes = {
				BuildIndependentTargetsInParallel = 1;
				LastSwiftUpdateCheck = 1320;
				LastUpgradeCheck = 1320;
				TargetAttributes = {
					0912DB2527C246930079D38A = {
						CreatedOnToolsVersion = 13.2.1;
					};
					0912DB2B27C246940079D38A = {
						CreatedOnToolsVersion = 13.2.1;
					};
				};
			};
			buildConfigurationList = 0912DB1D27C2468E0079D38A /* Build configuration list for PBXProject "Learning App" */;
			compatibilityVersion = "Xcode 13.0";
			developmentRegion = en;
			hasScannedForEncodings = 0;
			knownRegions = (
				en,
				Base,
			);
			mainGroup = 0912DB1927C2468E0079D38A;
			productRefGroup = 0912DB2727C246930079D38A /* Products */;
			projectDirPath = "";
			projectRoot = "";
			targets = (
				0912DB2527C246930079D38A /* Learning App (iOS) */,
				0912DB2B27C246940079D38A /* Learning App (macOS) */,
			);
		};
/* End PBXProject section */

/* Begin PBXResourcesBuildPhase section */
		0912DB2427C246930079D38A /* Resources */ = {
			isa = PBXResourcesBuildPhase;
			buildActionMask = 2147483647;
			files = (
				0926BC4027D25B1F00A9F755 /* style.html in Resources */,
				0912DB3327C246940079D38A /* Assets.xcassets in Resources */,
				0926BC3E27D25B0900A9F755 /* data.json in Resources */,
			);
			runOnlyForDeploymentPostprocessing = 0;
		};
		0912DB2A27C246940079D38A /* Resources */ = {
			isa = PBXResourcesBuildPhase;
			buildActionMask = 2147483647;
			files = (
				0912DB3427C246940079D38A /* Assets.xcassets in Resources */,
			);
			runOnlyForDeploymentPostprocessing = 0;
		};
/* End PBXResourcesBuildPhase section */

/* Begin PBXSourcesBuildPhase section */
		0912DB2227C246930079D38A /* Sources */ = {
			isa = PBXSourcesBuildPhase;
			buildActionMask = 2147483647;
			files = (
				0912DB3127C246940079D38A /* HomeView.swift in Sources */,
				0926BC3627D237CE00A9F755 /* ContentModel.swift in Sources */,
				0912DBBB27C562B10079D38A /* Profile.swift in Sources */,
				0912DB2F27C246940079D38A /* LearningApp.swift in Sources */,
				0926BC4227D3890E00A9F755 /* Models.swift in Sources */,
			);
			runOnlyForDeploymentPostprocessing = 0;
		};
		0912DB2827C246940079D38A /* Sources */ = {
			isa = PBXSourcesBuildPhase;
			buildActionMask = 2147483647;
			files = (
				0912DB3227C246940079D38A /* HomeView.swift in Sources */,
				0912DBBC27C562B10079D38A /* Profile.swift in Sources */,
				0912DB3027C246940079D38A /* LearningApp.swift in Sources */,
			);
			runOnlyForDeploymentPostprocessing = 0;
		};
/* End PBXSourcesBuildPhase section */

/* Begin XCBuildConfiguration section */
		0912DB3527C246940079D38A /* Debug */ = {
			isa = XCBuildConfiguration;
			buildSettings = {
				ALWAYS_SEARCH_USER_PATHS = NO;
				CLANG_ANALYZER_NONNULL = YES;
				CLANG_ANALYZER_NUMBER_OBJECT_CONVERSION = YES_AGGRESSIVE;
				CLANG_CXX_LANGUAGE_STANDARD = "gnu++17";
				CLANG_CXX_LIBRARY = "libc++";
				CLANG_ENABLE_MODULES = YES;
				CLANG_ENABLE_OBJC_ARC = YES;
				CLANG_ENABLE_OBJC_WEAK = YES;
				CLANG_WARN_BLOCK_CAPTURE_AUTORELEASING = YES;
				CLANG_WARN_BOOL_CONVERSION = YES;
				CLANG_WARN_COMMA = YES;
				CLANG_WARN_CONSTANT_CONVERSION = YES;
				CLANG_WARN_DEPRECATED_OBJC_IMPLEMENTATIONS = YES;
				CLANG_WARN_DIRECT_OBJC_ISA_USAGE = YES_ERROR;
				CLANG_WARN_DOCUMENTATION_COMMENTS = YES;
				CLANG_WARN_EMPTY_BODY = YES;
				CLANG_WARN_ENUM_CONVERSION = YES;
				CLANG_WARN_INFINITE_RECURSION = YES;
				CLANG_WARN_INT_CONVERSION = YES;
				CLANG_WARN_NON_LITERAL_NULL_CONVERSION = YES;
				CLANG_WARN_OBJC_IMPLICIT_RETAIN_SELF = YES;
				CLANG_WARN_OBJC_LITERAL_CONVERSION = YES;
				CLANG_WARN_OBJC_ROOT_CLASS = YES_ERROR;
				CLANG_WARN_QUOTED_INCLUDE_IN_FRAMEWORK_HEADER = YES;
				CLANG_WARN_RANGE_LOOP_ANALYSIS = YES;
				CLANG_WARN_STRICT_PROTOTYPES = YES;
				CLANG_WARN_SUSPICIOUS_MOVE = YES;
				CLANG_WARN_UNGUARDED_AVAILABILITY = YES_AGGRESSIVE;
				CLANG_WARN_UNREACHABLE_CODE = YES;
				CLANG_WARN__DUPLICATE_METHOD_MATCH = YES;
				COPY_PHASE_STRIP = NO;
				DEBUG_INFORMATION_FORMAT = dwarf;
				ENABLE_STRICT_OBJC_MSGSEND = YES;
				ENABLE_TESTABILITY = YES;
				GCC_C_LANGUAGE_STANDARD = gnu11;
				GCC_DYNAMIC_NO_PIC = NO;
				GCC_NO_COMMON_BLOCKS = YES;
				GCC_OPTIMIZATION_LEVEL = 0;
				GCC_PREPROCESSOR_DEFINITIONS = (
					"DEBUG=1",
					"$(inherited)",
				);
				GCC_WARN_64_TO_32_BIT_CONVERSION = YES;
				GCC_WARN_ABOUT_RETURN_TYPE = YES_ERROR;
				GCC_WARN_UNDECLARED_SELECTOR = YES;
				GCC_WARN_UNINITIALIZED_AUTOS = YES_AGGRESSIVE;
				GCC_WARN_UNUSED_FUNCTION = YES;
				GCC_WARN_UNUSED_VARIABLE = YES;
				MTL_ENABLE_DEBUG_INFO = INCLUDE_SOURCE;
				MTL_FAST_MATH = YES;
				ONLY_ACTIVE_ARCH = YES;
				SWIFT_ACTIVE_COMPILATION_CONDITIONS = DEBUG;
				SWIFT_OPTIMIZATION_LEVEL = "-Onone";
			};
			name = Debug;
		};
		0912DB3627C246940079D38A /* Release */ = {
			isa = XCBuildConfiguration;
			buildSettings = {
				ALWAYS_SEARCH_USER_PATHS = NO;
				CLANG_ANALYZER_NONNULL = YES;
				CLANG_ANALYZER_NUMBER_OBJECT_CONVERSION = YES_AGGRESSIVE;
				CLANG_CXX_LANGUAGE_STANDARD = "gnu++17";
				CLANG_CXX_LIBRARY = "libc++";
				CLANG_ENABLE_MODULES = YES;
				CLANG_ENABLE_OBJC_ARC = YES;
				CLANG_ENABLE_OBJC_WEAK = YES;
				CLANG_WARN_BLOCK_CAPTURE_AUTORELEASING = YES;
				CLANG_WARN_BOOL_CONVERSION = YES;
				CLANG_WARN_COMMA = YES;
				CLANG_WARN_CONSTANT_CONVERSION = YES;
				CLANG_WARN_DEPRECATED_OBJC_IMPLEMENTATIONS = YES;
				CLANG_WARN_DIRECT_OBJC_ISA_USAGE = YES_ERROR;
				CLANG_WARN_DOCUMENTATION_COMMENTS = YES;
				CLANG_WARN_EMPTY_BODY = YES;
				CLANG_WARN_ENUM_CONVERSION = YES;
				CLANG_WARN_INFINITE_RECURSION = YES;
				CLANG_WARN_INT_CONVERSION = YES;
				CLANG_WARN_NON_LITERAL_NULL_CONVERSION = YES;
				CLANG_WARN_OBJC_IMPLICIT_RETAIN_SELF = YES;
				CLANG_WARN_OBJC_LITERAL_CONVERSION = YES;
				CLANG_WARN_OBJC_ROOT_CLASS = YES_ERROR;
				CLANG_WARN_QUOTED_INCLUDE_IN_FRAMEWORK_HEADER = YES;
				CLANG_WARN_RANGE_LOOP_ANALYSIS = YES;
				CLANG_WARN_STRICT_PROTOTYPES = YES;
				CLANG_WARN_SUSPICIOUS_MOVE = YES;
				CLANG_WARN_UNGUARDED_AVAILABILITY = YES_AGGRESSIVE;
				CLANG_WARN_UNREACHABLE_CODE = YES;
				CLANG_WARN__DUPLICATE_METHOD_MATCH = YES;
				COPY_PHASE_STRIP = NO;
				DEBUG_INFORMATION_FORMAT = "dwarf-with-dsym";
				ENABLE_NS_ASSERTIONS = NO;
				ENABLE_STRICT_OBJC_MSGSEND = YES;
				GCC_C_LANGUAGE_STANDARD = gnu11;
				GCC_NO_COMMON_BLOCKS = YES;
				GCC_WARN_64_TO_32_BIT_CONVERSION = YES;
				GCC_WARN_ABOUT_RETURN_TYPE = YES_ERROR;
				GCC_WARN_UNDECLARED_SELECTOR = YES;
				GCC_WARN_UNINITIALIZED_AUTOS = YES_AGGRESSIVE;
				GCC_WARN_UNUSED_FUNCTION = YES;
				GCC_WARN_UNUSED_VARIABLE = YES;
				MTL_ENABLE_DEBUG_INFO = NO;
				MTL_FAST_MATH = YES;
				SWIFT_COMPILATION_MODE = wholemodule;
				SWIFT_OPTIMIZATION_LEVEL = "-O";
			};
			name = Release;
		};
		0912DB3827C246940079D38A /* Debug */ = {
			isa = XCBuildConfiguration;
			buildSettings = {
				ASSETCATALOG_COMPILER_APPICON_NAME = AppIcon;
				ASSETCATALOG_COMPILER_GLOBAL_ACCENT_COLOR_NAME = AccentColor;
				CODE_SIGN_STYLE = Automatic;
				CURRENT_PROJECT_VERSION = 1;
				DEVELOPMENT_TEAM = D6U9P5WX5N;
				ENABLE_PREVIEWS = YES;
				GENERATE_INFOPLIST_FILE = YES;
				INFOPLIST_KEY_UIApplicationSceneManifest_Generation = YES;
				INFOPLIST_KEY_UIApplicationSupportsIndirectInputEvents = YES;
				INFOPLIST_KEY_UILaunchScreen_Generation = YES;
				INFOPLIST_KEY_UISupportedInterfaceOrientations_iPad = "UIInterfaceOrientationPortrait UIInterfaceOrientationPortraitUpsideDown UIInterfaceOrientationLandscapeLeft UIInterfaceOrientationLandscapeRight";
				INFOPLIST_KEY_UISupportedInterfaceOrientations_iPhone = "UIInterfaceOrientationPortrait UIInterfaceOrientationLandscapeLeft UIInterfaceOrientationLandscapeRight";
				IPHONEOS_DEPLOYMENT_TARGET = 15.2;
				LD_RUNPATH_SEARCH_PATHS = (
					"$(inherited)",
					"@executable_path/Frameworks",
				);
				MARKETING_VERSION = 1.0;
				PRODUCT_BUNDLE_IDENTIFIER = "Fredrik.Learning-App";
				PRODUCT_NAME = "Learning App";
				SDKROOT = iphoneos;
				SWIFT_EMIT_LOC_STRINGS = YES;
				SWIFT_VERSION = 5.0;
				TARGETED_DEVICE_FAMILY = "1,2";
			};
			name = Debug;
		};
		0912DB3927C246940079D38A /* Release */ = {
			isa = XCBuildConfiguration;
			buildSettings = {
				ASSETCATALOG_COMPILER_APPICON_NAME = AppIcon;
				ASSETCATALOG_COMPILER_GLOBAL_ACCENT_COLOR_NAME = AccentColor;
				CODE_SIGN_STYLE = Automatic;
				CURRENT_PROJECT_VERSION = 1;
				DEVELOPMENT_TEAM = D6U9P5WX5N;
				ENABLE_PREVIEWS = YES;
				GENERATE_INFOPLIST_FILE = YES;
				INFOPLIST_KEY_UIApplicationSceneManifest_Generation = YES;
				INFOPLIST_KEY_UIApplicationSupportsIndirectInputEvents = YES;
				INFOPLIST_KEY_UILaunchScreen_Generation = YES;
				INFOPLIST_KEY_UISupportedInterfaceOrientations_iPad = "UIInterfaceOrientationPortrait UIInterfaceOrientationPortraitUpsideDown UIInterfaceOrientationLandscapeLeft UIInterfaceOrientationLandscapeRight";
				INFOPLIST_KEY_UISupportedInterfaceOrientations_iPhone = "UIInterfaceOrientationPortrait UIInterfaceOrientationLandscapeLeft UIInterfaceOrientationLandscapeRight";
				IPHONEOS_DEPLOYMENT_TARGET = 15.2;
				LD_RUNPATH_SEARCH_PATHS = (
					"$(inherited)",
					"@executable_path/Frameworks",
				);
				MARKETING_VERSION = 1.0;
				PRODUCT_BUNDLE_IDENTIFIER = "Fredrik.Learning-App";
				PRODUCT_NAME = "Learning App";
				SDKROOT = iphoneos;
				SWIFT_EMIT_LOC_STRINGS = YES;
				SWIFT_VERSION = 5.0;
				TARGETED_DEVICE_FAMILY = "1,2";
				VALIDATE_PRODUCT = YES;
			};
			name = Release;
		};
		0912DB3B27C246940079D38A /* Debug */ = {
			isa = XCBuildConfiguration;
			buildSettings = {
				ASSETCATALOG_COMPILER_APPICON_NAME = AppIcon;
				ASSETCATALOG_COMPILER_GLOBAL_ACCENT_COLOR_NAME = AccentColor;
				CODE_SIGN_ENTITLEMENTS = macOS/macOS.entitlements;
				CODE_SIGN_STYLE = Automatic;
				COMBINE_HIDPI_IMAGES = YES;
				CURRENT_PROJECT_VERSION = 1;
				DEVELOPMENT_TEAM = D6U9P5WX5N;
				ENABLE_HARDENED_RUNTIME = YES;
				ENABLE_PREVIEWS = YES;
				GENERATE_INFOPLIST_FILE = YES;
				INFOPLIST_KEY_NSHumanReadableCopyright = "";
				LD_RUNPATH_SEARCH_PATHS = (
					"$(inherited)",
					"@executable_path/../Frameworks",
				);
				MACOSX_DEPLOYMENT_TARGET = 12.1;
				MARKETING_VERSION = 1.0;
				PRODUCT_BUNDLE_IDENTIFIER = "Fredrik.Learning-App";
				PRODUCT_NAME = "Learning App";
				SDKROOT = macosx;
				SWIFT_EMIT_LOC_STRINGS = YES;
				SWIFT_VERSION = 5.0;
			};
			name = Debug;
		};
		0912DB3C27C246940079D38A /* Release */ = {
			isa = XCBuildConfiguration;
			buildSettings = {
				ASSETCATALOG_COMPILER_APPICON_NAME = AppIcon;
				ASSETCATALOG_COMPILER_GLOBAL_ACCENT_COLOR_NAME = AccentColor;
				CODE_SIGN_ENTITLEMENTS = macOS/macOS.entitlements;
				CODE_SIGN_STYLE = Automatic;
				COMBINE_HIDPI_IMAGES = YES;
				CURRENT_PROJECT_VERSION = 1;
				DEVELOPMENT_TEAM = D6U9P5WX5N;
				ENABLE_HARDENED_RUNTIME = YES;
				ENABLE_PREVIEWS = YES;
				GENERATE_INFOPLIST_FILE = YES;
				INFOPLIST_KEY_NSHumanReadableCopyright = "";
				LD_RUNPATH_SEARCH_PATHS = (
					"$(inherited)",
					"@executable_path/../Frameworks",
				);
				MACOSX_DEPLOYMENT_TARGET = 12.1;
				MARKETING_VERSION = 1.0;
				PRODUCT_BUNDLE_IDENTIFIER = "Fredrik.Learning-App";
				PRODUCT_NAME = "Learning App";
				SDKROOT = macosx;
				SWIFT_EMIT_LOC_STRINGS = YES;
				SWIFT_VERSION = 5.0;
			};
			name = Release;
		};
/* End XCBuildConfiguration section */

/* Begin XCConfigurationList section */
		0912DB1D27C2468E0079D38A /* Build configuration list for PBXProject "Learning App" */ = {
			isa = XCConfigurationList;
			buildConfigurations = (
				0912DB3527C246940079D38A /* Debug */,
				0912DB3627C246940079D38A /* Release */,
			);
			defaultConfigurationIsVisible = 0;
			defaultConfigurationName = Release;
		};
		0912DB3727C246940079D38A /* Build configuration list for PBXNativeTarget "Learning App (iOS)" */ = {
			isa = XCConfigurationList;
			buildConfigurations = (
				0912DB3827C246940079D38A /* Debug */,
				0912DB3927C246940079D38A /* Release */,
			);
			defaultConfigurationIsVisible = 0;
			defaultConfigurationName = Release;
		};
		0912DB3A27C246940079D38A /* Build configuration list for PBXNativeTarget "Learning App (macOS)" */ = {
			isa = XCConfigurationList;
			buildConfigurations = (
				0912DB3B27C246940079D38A /* Debug */,
				0912DB3C27C246940079D38A /* Release */,
			);
			defaultConfigurationIsVisible = 0;
			defaultConfigurationName = Release;
		};
/* End XCConfigurationList section */
	};
	rootObject = 0912DB1A27C2468E0079D38A /* Project object */;
}
